
Microsoft Visual Studio Solution File, Format Version 12.00
# Visual Studio 14
VisualStudioVersion = 14.0.25420.1
MinimumVisualStudioVersion = 10.0.40219.1
Project("{F2A71F9B-5D33-465A-A702-920D77279786}") = "ExtensionChanger", "ExtensionChanger\ExtensionChanger.fsproj", "{C1D7EB0D-D266-40A9-87EB-9C272D28CE22}"
EndProject
Project("{2150E333-8FDC-42A3-9474-1A3956D46DE8}") = "Documentation", "Documentation", "{25463223-0994-49A2-B0DD-31CF72704DBC}"
	ProjectSection(SolutionItems) = preProject
		Readme.md = Readme.md
	EndProjectSection
EndProject
Global
	GlobalSection(SolutionConfigurationPlatforms) = preSolution
		Debug|Any CPU = Debug|Any CPU
		Release|Any CPU = Release|Any CPU
	EndGlobalSection
	GlobalSection(ProjectConfigurationPlatforms) = postSolution
		{C1D7EB0D-D266-40A9-87EB-9C272D28CE22}.Debug|Any CPU.ActiveCfg = Debug|Any CPU
		{C1D7EB0D-D266-40A9-87EB-9C272D28CE22}.Debug|Any CPU.Build.0 = Debug|Any CPU
		{C1D7EB0D-D266-40A9-87EB-9C272D28CE22}.Release|Any CPU.ActiveCfg = Release|Any CPU
		{C1D7EB0D-D266-40A9-87EB-9C272D28CE22}.Release|Any CPU.Build.0 = Release|Any CPU
	EndGlobalSection
	GlobalSection(SolutionProperties) = preSolution
		HideSolutionNode = FALSE
	EndGlobalSection
EndGlobal
